// !$*UTF8*$!
{
	archiveVersion = 1;
	classes = {
	};
	objectVersion = 50;
	objects = {

/* Begin PBXBuildFile section */
		A20EEC232697BD6B00D2F8A7 /* AccountView.swift in Sources */ = {isa = PBXBuildFile; fileRef = A20EEC222697BD6B00D2F8A7 /* AccountView.swift */; };
		A20EEC252697BD7E00D2F8A7 /* OrderView.swift in Sources */ = {isa = PBXBuildFile; fileRef = A20EEC242697BD7E00D2F8A7 /* OrderView.swift */; };
		A20EEC272697BD9B00D2F8A7 /* AppetizerListView.swift in Sources */ = {isa = PBXBuildFile; fileRef = A20EEC262697BD9B00D2F8A7 /* AppetizerListView.swift */; };
		A20EEC292697C67700D2F8A7 /* Appetizer.swift in Sources */ = {isa = PBXBuildFile; fileRef = A20EEC282697C67700D2F8A7 /* Appetizer.swift */; };
		A20EEC2B2698BE0900D2F8A7 /* AppetizerListCell.swift in Sources */ = {isa = PBXBuildFile; fileRef = A20EEC2A2698BE0900D2F8A7 /* AppetizerListCell.swift */; };
		A20EEC2D2698BF2700D2F8A7 /* NetworkManager.swift in Sources */ = {isa = PBXBuildFile; fileRef = A20EEC2C2698BF2700D2F8A7 /* NetworkManager.swift */; };
		A20EEC2F2698C01300D2F8A7 /* APError.swift in Sources */ = {isa = PBXBuildFile; fileRef = A20EEC2E2698C01300D2F8A7 /* APError.swift */; };
		A20EEC312698C7C300D2F8A7 /* AppetizerListViewModel.swift in Sources */ = {isa = PBXBuildFile; fileRef = A20EEC302698C7C300D2F8A7 /* AppetizerListViewModel.swift */; };
		A2640ED82697BC8800EA9640 /* AppetizersApp.swift in Sources */ = {isa = PBXBuildFile; fileRef = A2640ED72697BC8800EA9640 /* AppetizersApp.swift */; };
		A2640EDA2697BC8800EA9640 /* AppetizerTabView.swift in Sources */ = {isa = PBXBuildFile; fileRef = A2640ED92697BC8800EA9640 /* AppetizerTabView.swift */; };
		A2640EDC2697BC8A00EA9640 /* Assets.xcassets in Resources */ = {isa = PBXBuildFile; fileRef = A2640EDB2697BC8A00EA9640 /* Assets.xcassets */; };
		A2640EDF2697BC8A00EA9640 /* Preview Assets.xcassets in Resources */ = {isa = PBXBuildFile; fileRef = A2640EDE2697BC8A00EA9640 /* Preview Assets.xcassets */; };
		A27DD4132698EADD00FAAB65 /* Alert.swift in Sources */ = {isa = PBXBuildFile; fileRef = A27DD4122698EADD00FAAB65 /* Alert.swift */; };
		A27DD4152698F1DA00FAAB65 /* LoadingView.swift in Sources */ = {isa = PBXBuildFile; fileRef = A27DD4142698F1DA00FAAB65 /* LoadingView.swift */; };
		A27DD4172698F27400FAAB65 /* Color+Ext.swift in Sources */ = {isa = PBXBuildFile; fileRef = A27DD4162698F27400FAAB65 /* Color+Ext.swift */; };
		A27DD41B269904E500FAAB65 /* RemoteImage.swift in Sources */ = {isa = PBXBuildFile; fileRef = A27DD41A269904E500FAAB65 /* RemoteImage.swift */; };
		A2E9247E269D066B00F36F8E /* AppetizerDetailView.swift in Sources */ = {isa = PBXBuildFile; fileRef = A2E9247D269D066B00F36F8E /* AppetizerDetailView.swift */; };
/* End PBXBuildFile section */

/* Begin PBXFileReference section */
		A20EEC222697BD6B00D2F8A7 /* AccountView.swift */ = {isa = PBXFileReference; lastKnownFileType = sourcecode.swift; path = AccountView.swift; sourceTree = "<group>"; };
		A20EEC242697BD7E00D2F8A7 /* OrderView.swift */ = {isa = PBXFileReference; lastKnownFileType = sourcecode.swift; path = OrderView.swift; sourceTree = "<group>"; };
		A20EEC262697BD9B00D2F8A7 /* AppetizerListView.swift */ = {isa = PBXFileReference; lastKnownFileType = sourcecode.swift; path = AppetizerListView.swift; sourceTree = "<group>"; };
		A20EEC282697C67700D2F8A7 /* Appetizer.swift */ = {isa = PBXFileReference; lastKnownFileType = sourcecode.swift; path = Appetizer.swift; sourceTree = "<group>"; };
		A20EEC2A2698BE0900D2F8A7 /* AppetizerListCell.swift */ = {isa = PBXFileReference; lastKnownFileType = sourcecode.swift; path = AppetizerListCell.swift; sourceTree = "<group>"; };
		A20EEC2C2698BF2700D2F8A7 /* NetworkManager.swift */ = {isa = PBXFileReference; lastKnownFileType = sourcecode.swift; path = NetworkManager.swift; sourceTree = "<group>"; };
		A20EEC2E2698C01300D2F8A7 /* APError.swift */ = {isa = PBXFileReference; lastKnownFileType = sourcecode.swift; path = APError.swift; sourceTree = "<group>"; };
		A20EEC302698C7C300D2F8A7 /* AppetizerListViewModel.swift */ = {isa = PBXFileReference; lastKnownFileType = sourcecode.swift; path = AppetizerListViewModel.swift; sourceTree = "<group>"; };
		A2640ED42697BC8800EA9640 /* Appetizers.app */ = {isa = PBXFileReference; explicitFileType = wrapper.application; includeInIndex = 0; path = Appetizers.app; sourceTree = BUILT_PRODUCTS_DIR; };
		A2640ED72697BC8800EA9640 /* AppetizersApp.swift */ = {isa = PBXFileReference; lastKnownFileType = sourcecode.swift; path = AppetizersApp.swift; sourceTree = "<group>"; };
		A2640ED92697BC8800EA9640 /* AppetizerTabView.swift */ = {isa = PBXFileReference; lastKnownFileType = sourcecode.swift; path = AppetizerTabView.swift; sourceTree = "<group>"; };
		A2640EDB2697BC8A00EA9640 /* Assets.xcassets */ = {isa = PBXFileReference; lastKnownFileType = folder.assetcatalog; path = Assets.xcassets; sourceTree = "<group>"; };
		A2640EDE2697BC8A00EA9640 /* Preview Assets.xcassets */ = {isa = PBXFileReference; lastKnownFileType = folder.assetcatalog; path = "Preview Assets.xcassets"; sourceTree = "<group>"; };
		A2640EE02697BC8A00EA9640 /* Info.plist */ = {isa = PBXFileReference; lastKnownFileType = text.plist.xml; path = Info.plist; sourceTree = "<group>"; };
		A27DD4122698EADD00FAAB65 /* Alert.swift */ = {isa = PBXFileReference; lastKnownFileType = sourcecode.swift; path = Alert.swift; sourceTree = "<group>"; };
		A27DD4142698F1DA00FAAB65 /* LoadingView.swift */ = {isa = PBXFileReference; lastKnownFileType = sourcecode.swift; path = LoadingView.swift; sourceTree = "<group>"; };
		A27DD4162698F27400FAAB65 /* Color+Ext.swift */ = {isa = PBXFileReference; lastKnownFileType = sourcecode.swift; path = "Color+Ext.swift"; sourceTree = "<group>"; };
		A27DD41A269904E500FAAB65 /* RemoteImage.swift */ = {isa = PBXFileReference; lastKnownFileType = sourcecode.swift; path = RemoteImage.swift; sourceTree = "<group>"; };
		A2E9247D269D066B00F36F8E /* AppetizerDetailView.swift */ = {isa = PBXFileReference; lastKnownFileType = sourcecode.swift; path = AppetizerDetailView.swift; sourceTree = "<group>"; };
/* End PBXFileReference section */

/* Begin PBXFrameworksBuildPhase section */
		A2640ED12697BC8800EA9640 /* Frameworks */ = {
			isa = PBXFrameworksBuildPhase;
			buildActionMask = 2147483647;
			files = (
			);
			runOnlyForDeploymentPostprocessing = 0;
		};
/* End PBXFrameworksBuildPhase section */

/* Begin PBXGroup section */
		A2640ECB2697BC8800EA9640 = {
			isa = PBXGroup;
			children = (
				A2640ED62697BC8800EA9640 /* Appetizers */,
				A2640ED52697BC8800EA9640 /* Products */,
			);
			sourceTree = "<group>";
		};
		A2640ED52697BC8800EA9640 /* Products */ = {
			isa = PBXGroup;
			children = (
				A2640ED42697BC8800EA9640 /* Appetizers.app */,
			);
			name = Products;
			sourceTree = "<group>";
		};
		A2640ED62697BC8800EA9640 /* Appetizers */ = {
			isa = PBXGroup;
			children = (
				A27DD424269908BB00FAAB65 /* Model */,
				A27DD4202699088600FAAB65 /* Utilities */,
				A27DD425269908DB00FAAB65 /* Views */,
				A27DD41C2699082500FAAB65 /* Screens */,
				A2640ED72697BC8800EA9640 /* AppetizersApp.swift */,
				A2640EDB2697BC8A00EA9640 /* Assets.xcassets */,
				A2640EE02697BC8A00EA9640 /* Info.plist */,
				A2640EDD2697BC8A00EA9640 /* Preview Content */,
				A2E9247D269D066B00F36F8E /* AppetizerDetailView.swift */,
			);
			path = Appetizers;
			sourceTree = "<group>";
		};
		A2640EDD2697BC8A00EA9640 /* Preview Content */ = {
			isa = PBXGroup;
			children = (
				A2640EDE2697BC8A00EA9640 /* Preview Assets.xcassets */,
			);
			path = "Preview Content";
			sourceTree = "<group>";
		};
		A27DD41C2699082500FAAB65 /* Screens */ = {
			isa = PBXGroup;
			children = (
				A2640ED92697BC8800EA9640 /* AppetizerTabView.swift */,
				A27DD41D2699083300FAAB65 /* AppetizerListView */,
				A27DD41E2699083D00FAAB65 /* AccountView */,
				A27DD41F2699084400FAAB65 /* OrderView */,
			);
			path = Screens;
			sourceTree = "<group>";
		};
		A27DD41D2699083300FAAB65 /* AppetizerListView */ = {
			isa = PBXGroup;
			children = (
				A20EEC302698C7C300D2F8A7 /* AppetizerListViewModel.swift */,
				A20EEC262697BD9B00D2F8A7 /* AppetizerListView.swift */,
			);
			path = AppetizerListView;
			sourceTree = "<group>";
		};
		A27DD41E2699083D00FAAB65 /* AccountView */ = {
			isa = PBXGroup;
			children = (
				A20EEC222697BD6B00D2F8A7 /* AccountView.swift */,
			);
			path = AccountView;
			sourceTree = "<group>";
		};
		A27DD41F2699084400FAAB65 /* OrderView */ = {
			isa = PBXGroup;
			children = (
				A20EEC242697BD7E00D2F8A7 /* OrderView.swift */,
			);
			path = OrderView;
			sourceTree = "<group>";
		};
		A27DD4202699088600FAAB65 /* Utilities */ = {
			isa = PBXGroup;
			children = (
				A27DD4232699089E00FAAB65 /* Alerts */,
				A27DD4222699089200FAAB65 /* Extensions */,
				A27DD4212699088D00FAAB65 /* Managers */,
			);
			path = Utilities;
			sourceTree = "<group>";
		};
		A27DD4212699088D00FAAB65 /* Managers */ = {
			isa = PBXGroup;
			children = (
				A20EEC2C2698BF2700D2F8A7 /* NetworkManager.swift */,
			);
			path = Managers;
			sourceTree = "<group>";
		};
		A27DD4222699089200FAAB65 /* Extensions */ = {
			isa = PBXGroup;
			children = (
				A27DD4162698F27400FAAB65 /* Color+Ext.swift */,
			);
			path = Extensions;
			sourceTree = "<group>";
		};
		A27DD4232699089E00FAAB65 /* Alerts */ = {
			isa = PBXGroup;
			children = (
				A20EEC2E2698C01300D2F8A7 /* APError.swift */,
				A27DD4122698EADD00FAAB65 /* Alert.swift */,
			);
			path = Alerts;
			sourceTree = "<group>";
		};
		A27DD424269908BB00FAAB65 /* Model */ = {
			isa = PBXGroup;
			children = (
				A20EEC282697C67700D2F8A7 /* Appetizer.swift */,
			);
			path = Model;
			sourceTree = "<group>";
		};
		A27DD425269908DB00FAAB65 /* Views */ = {
			isa = PBXGroup;
			children = (
				A27DD428269908F100FAAB65 /* Image */,
				A27DD427269908EC00FAAB65 /* Cells */,
				A27DD426269908E100FAAB65 /* UIKit Components */,
			);
			path = Views;
			sourceTree = "<group>";
		};
		A27DD426269908E100FAAB65 /* UIKit Components */ = {
			isa = PBXGroup;
			children = (
				A27DD4142698F1DA00FAAB65 /* LoadingView.swift */,
			);
			path = "UIKit Components";
			sourceTree = "<group>";
		};
		A27DD427269908EC00FAAB65 /* Cells */ = {
			isa = PBXGroup;
			children = (
				A20EEC2A2698BE0900D2F8A7 /* AppetizerListCell.swift */,
			);
			path = Cells;
			sourceTree = "<group>";
		};
		A27DD428269908F100FAAB65 /* Image */ = {
			isa = PBXGroup;
			children = (
				A27DD41A269904E500FAAB65 /* RemoteImage.swift */,
			);
			path = Image;
			sourceTree = "<group>";
		};
/* End PBXGroup section */

/* Begin PBXNativeTarget section */
		A2640ED32697BC8800EA9640 /* Appetizers */ = {
			isa = PBXNativeTarget;
			buildConfigurationList = A2640EE32697BC8A00EA9640 /* Build configuration list for PBXNativeTarget "Appetizers" */;
			buildPhases = (
				A2640ED02697BC8800EA9640 /* Sources */,
				A2640ED12697BC8800EA9640 /* Frameworks */,
				A2640ED22697BC8800EA9640 /* Resources */,
			);
			buildRules = (
			);
			dependencies = (
			);
			name = Appetizers;
			productName = Appetizers;
			productReference = A2640ED42697BC8800EA9640 /* Appetizers.app */;
			productType = "com.apple.product-type.application";
		};
/* End PBXNativeTarget section */

/* Begin PBXProject section */
		A2640ECC2697BC8800EA9640 /* Project object */ = {
			isa = PBXProject;
			attributes = {
				LastSwiftUpdateCheck = 1240;
				LastUpgradeCheck = 1240;
				TargetAttributes = {
					A2640ED32697BC8800EA9640 = {
						CreatedOnToolsVersion = 12.4;
					};
				};
			};
			buildConfigurationList = A2640ECF2697BC8800EA9640 /* Build configuration list for PBXProject "Appetizers" */;
			compatibilityVersion = "Xcode 9.3";
			developmentRegion = en;
			hasScannedForEncodings = 0;
			knownRegions = (
				en,
				Base,
			);
			mainGroup = A2640ECB2697BC8800EA9640;
			productRefGroup = A2640ED52697BC8800EA9640 /* Products */;
			projectDirPath = "";
			projectRoot = "";
			targets = (
				A2640ED32697BC8800EA9640 /* Appetizers */,
			);
		};
/* End PBXProject section */

/* Begin PBXResourcesBuildPhase section */
		A2640ED22697BC8800EA9640 /* Resources */ = {
			isa = PBXResourcesBuildPhase;
			buildActionMask = 2147483647;
			files = (
				A2640EDF2697BC8A00EA9640 /* Preview Assets.xcassets in Resources */,
				A2640EDC2697BC8A00EA9640 /* Assets.xcassets in Resources */,
			);
			runOnlyForDeploymentPostprocessing = 0;
		};
/* End PBXResourcesBuildPhase section */

/* Begin PBXSourcesBuildPhase section */
		A2640ED02697BC8800EA9640 /* Sources */ = {
			isa = PBXSourcesBuildPhase;
			buildActionMask = 2147483647;
			files = (
				A20EEC292697C67700D2F8A7 /* Appetizer.swift in Sources */,
				A20EEC2F2698C01300D2F8A7 /* APError.swift in Sources */,
				A20EEC2B2698BE0900D2F8A7 /* AppetizerListCell.swift in Sources */,
				A20EEC232697BD6B00D2F8A7 /* AccountView.swift in Sources */,
				A27DD4172698F27400FAAB65 /* Color+Ext.swift in Sources */,
				A20EEC252697BD7E00D2F8A7 /* OrderView.swift in Sources */,
				A27DD4152698F1DA00FAAB65 /* LoadingView.swift in Sources */,
				A20EEC2D2698BF2700D2F8A7 /* NetworkManager.swift in Sources */,
				A2640EDA2697BC8800EA9640 /* AppetizerTabView.swift in Sources */,
				A27DD41B269904E500FAAB65 /* RemoteImage.swift in Sources */,
				A2E9247E269D066B00F36F8E /* AppetizerDetailView.swift in Sources */,
				A20EEC312698C7C300D2F8A7 /* AppetizerListViewModel.swift in Sources */,
				A27DD4132698EADD00FAAB65 /* Alert.swift in Sources */,
				A2640ED82697BC8800EA9640 /* AppetizersApp.swift in Sources */,
				A20EEC272697BD9B00D2F8A7 /* AppetizerListView.swift in Sources */,
			);
			runOnlyForDeploymentPostprocessing = 0;
		};
/* End PBXSourcesBuildPhase section */

/* Begin XCBuildConfiguration section */
		A2640EE12697BC8A00EA9640 /* Debug */ = {
			isa = XCBuildConfiguration;
			buildSettings = {
				ALWAYS_SEARCH_USER_PATHS = NO;
				CLANG_ANALYZER_NONNULL = YES;
				CLANG_ANALYZER_NUMBER_OBJECT_CONVERSION = YES_AGGRESSIVE;
				CLANG_CXX_LANGUAGE_STANDARD = "gnu++14";
				CLANG_CXX_LIBRARY = "libc++";
				CLANG_ENABLE_MODULES = YES;
				CLANG_ENABLE_OBJC_ARC = YES;
				CLANG_ENABLE_OBJC_WEAK = YES;
				CLANG_WARN_BLOCK_CAPTURE_AUTORELEASING = YES;
				CLANG_WARN_BOOL_CONVERSION = YES;
				CLANG_WARN_COMMA = YES;
				CLANG_WARN_CONSTANT_CONVERSION = YES;
				CLANG_WARN_DEPRECATED_OBJC_IMPLEMENTATIONS = YES;
				CLANG_WARN_DIRECT_OBJC_ISA_USAGE = YES_ERROR;
				CLANG_WARN_DOCUMENTATION_COMMENTS = YES;
				CLANG_WARN_EMPTY_BODY = YES;
				CLANG_WARN_ENUM_CONVERSION = YES;
				CLANG_WARN_INFINITE_RECURSION = YES;
				CLANG_WARN_INT_CONVERSION = YES;
				CLANG_WARN_NON_LITERAL_NULL_CONVERSION = YES;
				CLANG_WARN_OBJC_IMPLICIT_RETAIN_SELF = YES;
				CLANG_WARN_OBJC_LITERAL_CONVERSION = YES;
				CLANG_WARN_OBJC_ROOT_CLASS = YES_ERROR;
				CLANG_WARN_QUOTED_INCLUDE_IN_FRAMEWORK_HEADER = YES;
				CLANG_WARN_RANGE_LOOP_ANALYSIS = YES;
				CLANG_WARN_STRICT_PROTOTYPES = YES;
				CLANG_WARN_SUSPICIOUS_MOVE = YES;
				CLANG_WARN_UNGUARDED_AVAILABILITY = YES_AGGRESSIVE;
				CLANG_WARN_UNREACHABLE_CODE = YES;
				CLANG_WARN__DUPLICATE_METHOD_MATCH = YES;
				COPY_PHASE_STRIP = NO;
				DEBUG_INFORMATION_FORMAT = dwarf;
				ENABLE_STRICT_OBJC_MSGSEND = YES;
				ENABLE_TESTABILITY = YES;
				GCC_C_LANGUAGE_STANDARD = gnu11;
				GCC_DYNAMIC_NO_PIC = NO;
				GCC_NO_COMMON_BLOCKS = YES;
				GCC_OPTIMIZATION_LEVEL = 0;
				GCC_PREPROCESSOR_DEFINITIONS = (
					"DEBUG=1",
					"$(inherited)",
				);
				GCC_WARN_64_TO_32_BIT_CONVERSION = YES;
				GCC_WARN_ABOUT_RETURN_TYPE = YES_ERROR;
				GCC_WARN_UNDECLARED_SELECTOR = YES;
				GCC_WARN_UNINITIALIZED_AUTOS = YES_AGGRESSIVE;
				GCC_WARN_UNUSED_FUNCTION = YES;
				GCC_WARN_UNUSED_VARIABLE = YES;
				IPHONEOS_DEPLOYMENT_TARGET = 14.4;
				MTL_ENABLE_DEBUG_INFO = INCLUDE_SOURCE;
				MTL_FAST_MATH = YES;
				ONLY_ACTIVE_ARCH = YES;
				SDKROOT = iphoneos;
				SWIFT_ACTIVE_COMPILATION_CONDITIONS = DEBUG;
				SWIFT_OPTIMIZATION_LEVEL = "-Onone";
			};
			name = Debug;
		};
		A2640EE22697BC8A00EA9640 /* Release */ = {
			isa = XCBuildConfiguration;
			buildSettings = {
				ALWAYS_SEARCH_USER_PATHS = NO;
				CLANG_ANALYZER_NONNULL = YES;
				CLANG_ANALYZER_NUMBER_OBJECT_CONVERSION = YES_AGGRESSIVE;
				CLANG_CXX_LANGUAGE_STANDARD = "gnu++14";
				CLANG_CXX_LIBRARY = "libc++";
				CLANG_ENABLE_MODULES = YES;
				CLANG_ENABLE_OBJC_ARC = YES;
				CLANG_ENABLE_OBJC_WEAK = YES;
				CLANG_WARN_BLOCK_CAPTURE_AUTORELEASING = YES;
				CLANG_WARN_BOOL_CONVERSION = YES;
				CLANG_WARN_COMMA = YES;
				CLANG_WARN_CONSTANT_CONVERSION = YES;
				CLANG_WARN_DEPRECATED_OBJC_IMPLEMENTATIONS = YES;
				CLANG_WARN_DIRECT_OBJC_ISA_USAGE = YES_ERROR;
				CLANG_WARN_DOCUMENTATION_COMMENTS = YES;
				CLANG_WARN_EMPTY_BODY = YES;
				CLANG_WARN_ENUM_CONVERSION = YES;
				CLANG_WARN_INFINITE_RECURSION = YES;
				CLANG_WARN_INT_CONVERSION = YES;
				CLANG_WARN_NON_LITERAL_NULL_CONVERSION = YES;
				CLANG_WARN_OBJC_IMPLICIT_RETAIN_SELF = YES;
				CLANG_WARN_OBJC_LITERAL_CONVERSION = YES;
				CLANG_WARN_OBJC_ROOT_CLASS = YES_ERROR;
				CLANG_WARN_QUOTED_INCLUDE_IN_FRAMEWORK_HEADER = YES;
				CLANG_WARN_RANGE_LOOP_ANALYSIS = YES;
				CLANG_WARN_STRICT_PROTOTYPES = YES;
				CLANG_WARN_SUSPICIOUS_MOVE = YES;
				CLANG_WARN_UNGUARDED_AVAILABILITY = YES_AGGRESSIVE;
				CLANG_WARN_UNREACHABLE_CODE = YES;
				CLANG_WARN__DUPLICATE_METHOD_MATCH = YES;
				COPY_PHASE_STRIP = NO;
				DEBUG_INFORMATION_FORMAT = "dwarf-with-dsym";
				ENABLE_NS_ASSERTIONS = NO;
				ENABLE_STRICT_OBJC_MSGSEND = YES;
				GCC_C_LANGUAGE_STANDARD = gnu11;
				GCC_NO_COMMON_BLOCKS = YES;
				GCC_WARN_64_TO_32_BIT_CONVERSION = YES;
				GCC_WARN_ABOUT_RETURN_TYPE = YES_ERROR;
				GCC_WARN_UNDECLARED_SELECTOR = YES;
				GCC_WARN_UNINITIALIZED_AUTOS = YES_AGGRESSIVE;
				GCC_WARN_UNUSED_FUNCTION = YES;
				GCC_WARN_UNUSED_VARIABLE = YES;
				IPHONEOS_DEPLOYMENT_TARGET = 14.4;
				MTL_ENABLE_DEBUG_INFO = NO;
				MTL_FAST_MATH = YES;
				SDKROOT = iphoneos;
				SWIFT_COMPILATION_MODE = wholemodule;
				SWIFT_OPTIMIZATION_LEVEL = "-O";
				VALIDATE_PRODUCT = YES;
			};
			name = Release;
		};
		A2640EE42697BC8A00EA9640 /* Debug */ = {
			isa = XCBuildConfiguration;
			buildSettings = {
				ASSETCATALOG_COMPILER_APPICON_NAME = AppIcon;
				ASSETCATALOG_COMPILER_GLOBAL_ACCENT_COLOR_NAME = AccentColor;
				CODE_SIGN_STYLE = Automatic;
				DEVELOPMENT_ASSET_PATHS = "\"Appetizers/Preview Content\"";
				DEVELOPMENT_TEAM = 3R37NSCF4B;
				ENABLE_PREVIEWS = YES;
				INFOPLIST_FILE = Appetizers/Info.plist;
				IPHONEOS_DEPLOYMENT_TARGET = 14.0;
				LD_RUNPATH_SEARCH_PATHS = (
					"$(inherited)",
					"@executable_path/Frameworks",
				);
				PRODUCT_BUNDLE_IDENTIFIER = com.evanbutler.Appetizers;
				PRODUCT_NAME = "$(TARGET_NAME)";
				SWIFT_VERSION = 5.0;
				TARGETED_DEVICE_FAMILY = "1,2";
			};
			name = Debug;
		};
		A2640EE52697BC8A00EA9640 /* Release */ = {
			isa = XCBuildConfiguration;
			buildSettings = {
				ASSETCATALOG_COMPILER_APPICON_NAME = AppIcon;
				ASSETCATALOG_COMPILER_GLOBAL_ACCENT_COLOR_NAME = AccentColor;
				CODE_SIGN_STYLE = Automatic;
				DEVELOPMENT_ASSET_PATHS = "\"Appetizers/Preview Content\"";
				DEVELOPMENT_TEAM = 3R37NSCF4B;
				ENABLE_PREVIEWS = YES;
				INFOPLIST_FILE = Appetizers/Info.plist;
				IPHONEOS_DEPLOYMENT_TARGET = 14.0;
				LD_RUNPATH_SEARCH_PATHS = (
					"$(inherited)",
					"@executable_path/Frameworks",
				);
				PRODUCT_BUNDLE_IDENTIFIER = com.evanbutler.Appetizers;
				PRODUCT_NAME = "$(TARGET_NAME)";
				SWIFT_VERSION = 5.0;
				TARGETED_DEVICE_FAMILY = "1,2";
			};
			name = Release;
		};
/* End XCBuildConfiguration section */

/* Begin XCConfigurationList section */
		A2640ECF2697BC8800EA9640 /* Build configuration list for PBXProject "Appetizers" */ = {
			isa = XCConfigurationList;
			buildConfigurations = (
				A2640EE12697BC8A00EA9640 /* Debug */,
				A2640EE22697BC8A00EA9640 /* Release */,
			);
			defaultConfigurationIsVisible = 0;
			defaultConfigurationName = Release;
		};
		A2640EE32697BC8A00EA9640 /* Build configuration list for PBXNativeTarget "Appetizers" */ = {
			isa = XCConfigurationList;
			buildConfigurations = (
				A2640EE42697BC8A00EA9640 /* Debug */,
				A2640EE52697BC8A00EA9640 /* Release */,
			);
			defaultConfigurationIsVisible = 0;
			defaultConfigurationName = Release;
		};
/* End XCConfigurationList section */
	};
	rootObject = A2640ECC2697BC8800EA9640 /* Project object */;
}
